
Microsoft Visual Studio Solution File, Format Version 12.00
# Visual Studio Version 17
VisualStudioVersion = 17.11.35327.3
MinimumVisualStudioVersion = 10.0.40219.1
Project("{FAE04EC0-301F-11D3-BF4B-00C04F79EFBC}") = "BlogApplication", "BlogApplication\BlogApplication.csproj", "{77354E3C-A136-4598-8554-6D60B7C9BD48}"
EndProject
Global
	GlobalSection(SolutionConfigurationPlatforms) = preSolution
		Debug|Any CPU = Debug|Any CPU
		Release|Any CPU = Release|Any CPU
	EndGlobalSection
	GlobalSection(ProjectConfigurationPlatforms) = postSolution
		{77354E3C-A136-4598-8554-6D60B7C9BD48}.Debug|Any CPU.ActiveCfg = Debug|Any CPU
		{77354E3C-A136-4598-8554-6D60B7C9BD48}.Debug|Any CPU.Build.0 = Debug|Any CPU
		{77354E3C-A136-4598-8554-6D60B7C9BD48}.Release|Any CPU.ActiveCfg = Release|Any CPU
		{77354E3C-A136-4598-8554-6D60B7C9BD48}.Release|Any CPU.Build.0 = Release|Any CPU
	EndGlobalSection
	GlobalSection(SolutionProperties) = preSolution
		HideSolutionNode = FALSE
	EndGlobalSection
	GlobalSection(ExtensibilityGlobals) = postSolution
		SolutionGuid = {C193464A-DB9B-43C7-96F1-8792E49EBC97}
	EndGlobalSection
EndGlobal
